
Microsoft Visual Studio Solution File, Format Version 12.00
# Visual Studio Version 17
VisualStudioVersion = 17.13.35828.75 d17.13
MinimumVisualStudioVersion = 10.0.40219.1
Project("{FAE04EC0-301F-11D3-BF4B-00C04F79EFBC}") = "GameProg_TextBasedRPGMap-BenF", "GameProg_TextBasedRPGMap-BenF\GameProg_TextBasedRPGMap-BenF.csproj", "{D5B37B8B-068B-43FD-95A9-1751D83F2418}"
EndProject
Global
	GlobalSection(SolutionConfigurationPlatforms) = preSolution
		Debug|Any CPU = Debug|Any CPU
		Release|Any CPU = Release|Any CPU
	EndGlobalSection
	GlobalSection(ProjectConfigurationPlatforms) = postSolution
		{D5B37B8B-068B-43FD-95A9-1751D83F2418}.Debug|Any CPU.ActiveCfg = Debug|Any CPU
		{D5B37B8B-068B-43FD-95A9-1751D83F2418}.Debug|Any CPU.Build.0 = Debug|Any CPU
		{D5B37B8B-068B-43FD-95A9-1751D83F2418}.Release|Any CPU.ActiveCfg = Release|Any CPU
		{D5B37B8B-068B-43FD-95A9-1751D83F2418}.Release|Any CPU.Build.0 = Release|Any CPU
	EndGlobalSection
	GlobalSection(SolutionProperties) = preSolution
		HideSolutionNode = FALSE
	EndGlobalSection
	GlobalSection(ExtensibilityGlobals) = postSolution
		SolutionGuid = {F5F3491A-01EA-4005-9B68-19AFBC170374}
	EndGlobalSection
EndGlobal
